
Microsoft Visual Studio Solution File, Format Version 12.00
# Visual Studio Version 16
VisualStudioVersion = 16.0.30907.101
MinimumVisualStudioVersion = 10.0.40219.1
Project("{FAE04EC0-301F-11D3-BF4B-00C04F79EFBC}") = "AlgoTrading.TradeOptimizer", "TradeOptimizer\AlgoTrading.TradeOptimizer.csproj", "{6F32A444-7E22-49E1-895C-2CBE5FC62901}"
EndProject
Project("{2150E333-8FDC-42A3-9474-1A3956D46DE8}") = "Solution Items", "Solution Items", "{49C830CF-2186-4811-9AC4-C01C03A587F6}"
EndProject
Project("{9A19103F-16F7-4668-BE54-9A1E7A4F7556}") = "AlgoTrading.TradeOptimizer.IndexManagers.JsonScript", "TradeOptimizer\JsonScriptIndexManager\AlgoTrading.TradeOptimizer.IndexManagers.JsonScript.csproj", "{BE1AC9B9-3B32-4546-9F77-F428EBD5FC77}"
EndProject
Project("{9A19103F-16F7-4668-BE54-9A1E7A4F7556}") = "AlgoTrading.TradeOptimizer.IndexManagers.PineScript", "TradeOptimizer\PineScriptIndexManager\AlgoTrading.TradeOptimizer.IndexManagers.PineScript.csproj", "{41308951-7C37-4EA7-A38B-0BD5E8626223}"
EndProject
Project("{9A19103F-16F7-4668-BE54-9A1E7A4F7556}") = "AlgoTrading.TradeOptimizer.Genetics", "TradeOptimizer\GeneticAlgorithm\AlgoTrading.TradeOptimizer.Genetics.csproj", "{5B876324-B41C-4D53-98DF-6AC943C5CA39}"
EndProject
Project("{FAE04EC0-301F-11D3-BF4B-00C04F79EFBC}") = "AlgoTrading.TradeOptimizer.Backtesters.PineScript", "PineScriptBacktester\AlgoTrading.TradeOptimizer.Backtesters.PineScript.csproj", "{B8C822FD-AEAF-4B1D-B9DE-F2645B4A005F}"
EndProject
Project("{9A19103F-16F7-4668-BE54-9A1E7A4F7556}") = "AlgoTrading.Utilities", "Utilities\AlgoTrading.Utilities.csproj", "{BFC7E5EF-4526-4F02-86F8-E0B06293A40F}"
EndProject
Project("{9A19103F-16F7-4668-BE54-9A1E7A4F7556}") = "AlgoTrading.TradeOptimizer.Backtesters.Python", "TradeOptimizer\PythonScriptBacktester\AlgoTrading.TradeOptimizer.Backtesters.Python.csproj", "{1F015B60-87E4-4DAB-BAD5-3FABD62B640B}"
EndProject
Project("{FAE04EC0-301F-11D3-BF4B-00C04F79EFBC}") = "StockTest", "StockTest\StockTest.csproj", "{7AE1D66B-1071-49F3-9185-3B920F800810}"
EndProject
Project("{888888A0-9F3D-457C-B088-3A5042F75D52}") = "TradingStrategy", "TradeOptimizer\TradingStrategy\TradingStrategy.pyproj", "{38ADE01C-3769-4ADF-BE7C-E8A8C4542A2A}"
EndProject
Project("{9A19103F-16F7-4668-BE54-9A1E7A4F7556}") = "AlgoTrading.Neural", "TradeOptimizer\NeuralNetwork\AlgoTrading.Neural.csproj", "{C79E1D63-21E3-4A13-AA4A-73347E735275}"
EndProject
Project("{9A19103F-16F7-4668-BE54-9A1E7A4F7556}") = "AlgoTrading.TradeOptimizer.Interfaces", "TradeOptimizer\Interfaces\AlgoTrading.TradeOptimizer.Interfaces.csproj", "{1369E245-6CB2-47A8-9EE8-68936D9C6FFA}"
EndProject
Project("{9A19103F-16F7-4668-BE54-9A1E7A4F7556}") = "AlgoTrading.SimulatedBroker", "BrokerEmulator\AlgoTrading.SimulatedBroker.csproj", "{ABD5B1CF-8E7C-4829-9C0E-E243B2B64640}"
EndProject
Project("{9A19103F-16F7-4668-BE54-9A1E7A4F7556}") = "AlgoTrading.Stocks", "StockData\AlgoTrading.Stocks.csproj", "{B159A64A-F176-4020-B54D-2146E2B945D2}"
EndProject
Project("{9A19103F-16F7-4668-BE54-9A1E7A4F7556}") = "AlgoTrading.DQN", "DQN\AlgoTrading.DQN.csproj", "{D5E92C99-B17B-4721-B2CE-390FC9CAA96E}"
EndProject
Project("{FAE04EC0-301F-11D3-BF4B-00C04F79EFBC}") = "AlgoTrading.DQN.UserInterface", "DQNUserInterface\AlgoTrading.DQN.UserInterface.csproj", "{05AB2A77-2B55-4182-AA62-86590027C451}"
EndProject
Project("{9A19103F-16F7-4668-BE54-9A1E7A4F7556}") = "TradeBubble", "TradeBubble\TradeBubble.csproj", "{6738B2CC-5BE8-4D99-95AC-6E129701DD4B}"
EndProject
Project("{9A19103F-16F7-4668-BE54-9A1E7A4F7556}") = "AlgoTrading.Stocks.Tinkoff", "AlgoTrading.Stocks.Tinkoff\AlgoTrading.Stocks.Tinkoff.csproj", "{A116C8C1-D39B-4E54-B7F1-94D6213A81B6}"
EndProject
Project("{9A19103F-16F7-4668-BE54-9A1E7A4F7556}") = "AlgoTrading.Stocks.Persistence", "AlgoTrading.Stocks.Persistence\AlgoTrading.Stocks.Persistence.csproj", "{F8637F39-1B91-45EB-B22D-35E976256B33}"
EndProject
Project("{9A19103F-16F7-4668-BE54-9A1E7A4F7556}") = "AlgoTrading.Stocks.Persistence.Database", "AlgoTrading.Stocks.Persistence.Database\AlgoTrading.Stocks.Persistence.Database.csproj", "{FC7E2566-AE7B-4956-9215-D23A861B37D9}"
EndProject
Project("{FAE04EC0-301F-11D3-BF4B-00C04F79EFBC}") = "AlgoTrading.Stocks.Persistence.FileSystem", "AlgoTrading.Stocks.Persistence.FileSystem\AlgoTrading.Stocks.Persistence.FileSystem.csproj", "{EFCE346A-D469-41B3-8F03-CEF2A5779DF3}"
EndProject
Project("{FAE04EC0-301F-11D3-BF4B-00C04F79EFBC}") = "AlgoTrading.Stocks.Yahoo", "AlgoTrading.Stocks.Yahoo\AlgoTrading.Stocks.Yahoo.csproj", "{EFD39450-7183-46DE-87D7-C9A6DB2206A5}"
EndProject
Project("{9A19103F-16F7-4668-BE54-9A1E7A4F7556}") = "AlgoTrading.Broker", "AlgoTrading.Broker\AlgoTrading.Broker.csproj", "{88D48DE4-6009-4B6E-8047-128EF79CF860}"
EndProject
Project("{9A19103F-16F7-4668-BE54-9A1E7A4F7556}") = "AlgoTrading.Broker.Simulated", "AlgoTrading.Broker.Simulated\AlgoTrading.Broker.Simulated.csproj", "{665166FE-7E07-4E08-AB49-A38347742A65}"
EndProject
Project("{9A19103F-16F7-4668-BE54-9A1E7A4F7556}") = "AlgoTrading.Agent", "AlgoTrading.Agent\AlgoTrading.Agent.csproj", "{15AA0497-636B-4618-8DF4-213D07222F2A}"
EndProject
Project("{9A19103F-16F7-4668-BE54-9A1E7A4F7556}") = "AlgoTrading.Agent.Persistence", "AlgoTrading.Agent.Persistence\AlgoTrading.Agent.Persistence.csproj", "{D26434DD-4E72-4585-AC7B-F6E9F60C2726}"
EndProject
Project("{9A19103F-16F7-4668-BE54-9A1E7A4F7556}") = "AlgoTrading.Agent.Persistence.Database", "AlgoTrading.Agent.Persistence.Database\AlgoTrading.Agent.Persistence.Database.csproj", "{2A402996-CC31-4AF6-97FD-1F9FB949741E}"
EndProject
Project("{9A19103F-16F7-4668-BE54-9A1E7A4F7556}") = "AlgoTrading.Agent.Learning", "AlgoTrading.Agent.Learning\AlgoTrading.Agent.Learning.csproj", "{4BA0EDD1-74AC-4391-A7C5-E620138CF858}"
EndProject
Project("{9A19103F-16F7-4668-BE54-9A1E7A4F7556}") = "AlgoTrading.Statistics", "AlgoTrading.Statistics\AlgoTrading.Statistics.csproj", "{290E3E63-607D-4DD6-AB86-721D29453FE3}"
EndProject
Project("{FAE04EC0-301F-11D3-BF4B-00C04F79EFBC}") = "AlgoTrading.Neural.Persistence", "AlgoTrading.Neural.Persistence\AlgoTrading.Neural.Persistence.csproj", "{FC258B90-3C5A-4497-BEF9-5C2EC86916C8}"
EndProject
Project("{FAE04EC0-301F-11D3-BF4B-00C04F79EFBC}") = "AlgoTrading.Neural.Persistence.Database", "AlgoTrading.Neural.Persistence.Database\AlgoTrading.Neural.Persistence.Database.csproj", "{84315861-9AF4-48BA-AA16-0EAB0BFB49FD}"
EndProject
Global
	GlobalSection(SolutionConfigurationPlatforms) = preSolution
		Debug|Any CPU = Debug|Any CPU
		Debug|x64 = Debug|x64
		Release|Any CPU = Release|Any CPU
		Release|x64 = Release|x64
	EndGlobalSection
	GlobalSection(ProjectConfigurationPlatforms) = postSolution
		{6F32A444-7E22-49E1-895C-2CBE5FC62901}.Debug|Any CPU.ActiveCfg = Debug|Any CPU
		{6F32A444-7E22-49E1-895C-2CBE5FC62901}.Debug|Any CPU.Build.0 = Debug|Any CPU
		{6F32A444-7E22-49E1-895C-2CBE5FC62901}.Debug|x64.ActiveCfg = Debug|x64
		{6F32A444-7E22-49E1-895C-2CBE5FC62901}.Debug|x64.Build.0 = Debug|x64
		{6F32A444-7E22-49E1-895C-2CBE5FC62901}.Release|Any CPU.ActiveCfg = Release|Any CPU
		{6F32A444-7E22-49E1-895C-2CBE5FC62901}.Release|Any CPU.Build.0 = Release|Any CPU
		{6F32A444-7E22-49E1-895C-2CBE5FC62901}.Release|x64.ActiveCfg = Release|x64
		{6F32A444-7E22-49E1-895C-2CBE5FC62901}.Release|x64.Build.0 = Release|x64
		{BE1AC9B9-3B32-4546-9F77-F428EBD5FC77}.Debug|Any CPU.ActiveCfg = Debug|Any CPU
		{BE1AC9B9-3B32-4546-9F77-F428EBD5FC77}.Debug|Any CPU.Build.0 = Debug|Any CPU
		{BE1AC9B9-3B32-4546-9F77-F428EBD5FC77}.Debug|x64.ActiveCfg = Debug|Any CPU
		{BE1AC9B9-3B32-4546-9F77-F428EBD5FC77}.Debug|x64.Build.0 = Debug|Any CPU
		{BE1AC9B9-3B32-4546-9F77-F428EBD5FC77}.Release|Any CPU.ActiveCfg = Release|Any CPU
		{BE1AC9B9-3B32-4546-9F77-F428EBD5FC77}.Release|Any CPU.Build.0 = Release|Any CPU
		{BE1AC9B9-3B32-4546-9F77-F428EBD5FC77}.Release|x64.ActiveCfg = Release|Any CPU
		{BE1AC9B9-3B32-4546-9F77-F428EBD5FC77}.Release|x64.Build.0 = Release|Any CPU
		{41308951-7C37-4EA7-A38B-0BD5E8626223}.Debug|Any CPU.ActiveCfg = Debug|Any CPU
		{41308951-7C37-4EA7-A38B-0BD5E8626223}.Debug|Any CPU.Build.0 = Debug|Any CPU
		{41308951-7C37-4EA7-A38B-0BD5E8626223}.Debug|x64.ActiveCfg = Debug|Any CPU
		{41308951-7C37-4EA7-A38B-0BD5E8626223}.Debug|x64.Build.0 = Debug|Any CPU
		{41308951-7C37-4EA7-A38B-0BD5E8626223}.Release|Any CPU.ActiveCfg = Release|Any CPU
		{41308951-7C37-4EA7-A38B-0BD5E8626223}.Release|Any CPU.Build.0 = Release|Any CPU
		{41308951-7C37-4EA7-A38B-0BD5E8626223}.Release|x64.ActiveCfg = Release|Any CPU
		{41308951-7C37-4EA7-A38B-0BD5E8626223}.Release|x64.Build.0 = Release|Any CPU
		{5B876324-B41C-4D53-98DF-6AC943C5CA39}.Debug|Any CPU.ActiveCfg = Debug|Any CPU
		{5B876324-B41C-4D53-98DF-6AC943C5CA39}.Debug|Any CPU.Build.0 = Debug|Any CPU
		{5B876324-B41C-4D53-98DF-6AC943C5CA39}.Debug|x64.ActiveCfg = Debug|Any CPU
		{5B876324-B41C-4D53-98DF-6AC943C5CA39}.Debug|x64.Build.0 = Debug|Any CPU
		{5B876324-B41C-4D53-98DF-6AC943C5CA39}.Release|Any CPU.ActiveCfg = Release|Any CPU
		{5B876324-B41C-4D53-98DF-6AC943C5CA39}.Release|Any CPU.Build.0 = Release|Any CPU
		{5B876324-B41C-4D53-98DF-6AC943C5CA39}.Release|x64.ActiveCfg = Release|Any CPU
		{5B876324-B41C-4D53-98DF-6AC943C5CA39}.Release|x64.Build.0 = Release|Any CPU
		{B8C822FD-AEAF-4B1D-B9DE-F2645B4A005F}.Debug|Any CPU.ActiveCfg = Debug|Any CPU
		{B8C822FD-AEAF-4B1D-B9DE-F2645B4A005F}.Debug|Any CPU.Build.0 = Debug|Any CPU
		{B8C822FD-AEAF-4B1D-B9DE-F2645B4A005F}.Debug|x64.ActiveCfg = Debug|Any CPU
		{B8C822FD-AEAF-4B1D-B9DE-F2645B4A005F}.Debug|x64.Build.0 = Debug|Any CPU
		{B8C822FD-AEAF-4B1D-B9DE-F2645B4A005F}.Release|Any CPU.ActiveCfg = Release|Any CPU
		{B8C822FD-AEAF-4B1D-B9DE-F2645B4A005F}.Release|Any CPU.Build.0 = Release|Any CPU
		{B8C822FD-AEAF-4B1D-B9DE-F2645B4A005F}.Release|x64.ActiveCfg = Release|Any CPU
		{B8C822FD-AEAF-4B1D-B9DE-F2645B4A005F}.Release|x64.Build.0 = Release|Any CPU
		{BFC7E5EF-4526-4F02-86F8-E0B06293A40F}.Debug|Any CPU.ActiveCfg = Debug|Any CPU
		{BFC7E5EF-4526-4F02-86F8-E0B06293A40F}.Debug|Any CPU.Build.0 = Debug|Any CPU
		{BFC7E5EF-4526-4F02-86F8-E0B06293A40F}.Debug|x64.ActiveCfg = Debug|Any CPU
		{BFC7E5EF-4526-4F02-86F8-E0B06293A40F}.Debug|x64.Build.0 = Debug|Any CPU
		{BFC7E5EF-4526-4F02-86F8-E0B06293A40F}.Release|Any CPU.ActiveCfg = Release|Any CPU
		{BFC7E5EF-4526-4F02-86F8-E0B06293A40F}.Release|Any CPU.Build.0 = Release|Any CPU
		{BFC7E5EF-4526-4F02-86F8-E0B06293A40F}.Release|x64.ActiveCfg = Release|Any CPU
		{BFC7E5EF-4526-4F02-86F8-E0B06293A40F}.Release|x64.Build.0 = Release|Any CPU
		{1F015B60-87E4-4DAB-BAD5-3FABD62B640B}.Debug|Any CPU.ActiveCfg = Debug|Any CPU
		{1F015B60-87E4-4DAB-BAD5-3FABD62B640B}.Debug|Any CPU.Build.0 = Debug|Any CPU
		{1F015B60-87E4-4DAB-BAD5-3FABD62B640B}.Debug|x64.ActiveCfg = Debug|Any CPU
		{1F015B60-87E4-4DAB-BAD5-3FABD62B640B}.Debug|x64.Build.0 = Debug|Any CPU
		{1F015B60-87E4-4DAB-BAD5-3FABD62B640B}.Release|Any CPU.ActiveCfg = Release|Any CPU
		{1F015B60-87E4-4DAB-BAD5-3FABD62B640B}.Release|Any CPU.Build.0 = Release|Any CPU
		{1F015B60-87E4-4DAB-BAD5-3FABD62B640B}.Release|x64.ActiveCfg = Release|Any CPU
		{1F015B60-87E4-4DAB-BAD5-3FABD62B640B}.Release|x64.Build.0 = Release|Any CPU
		{7AE1D66B-1071-49F3-9185-3B920F800810}.Debug|Any CPU.ActiveCfg = Debug|Any CPU
		{7AE1D66B-1071-49F3-9185-3B920F800810}.Debug|Any CPU.Build.0 = Debug|Any CPU
		{7AE1D66B-1071-49F3-9185-3B920F800810}.Debug|x64.ActiveCfg = Debug|Any CPU
		{7AE1D66B-1071-49F3-9185-3B920F800810}.Debug|x64.Build.0 = Debug|Any CPU
		{7AE1D66B-1071-49F3-9185-3B920F800810}.Release|Any CPU.ActiveCfg = Release|Any CPU
		{7AE1D66B-1071-49F3-9185-3B920F800810}.Release|Any CPU.Build.0 = Release|Any CPU
		{7AE1D66B-1071-49F3-9185-3B920F800810}.Release|x64.ActiveCfg = Release|Any CPU
		{7AE1D66B-1071-49F3-9185-3B920F800810}.Release|x64.Build.0 = Release|Any CPU
		{38ADE01C-3769-4ADF-BE7C-E8A8C4542A2A}.Debug|Any CPU.ActiveCfg = Debug|Any CPU
		{38ADE01C-3769-4ADF-BE7C-E8A8C4542A2A}.Debug|x64.ActiveCfg = Debug|Any CPU
		{38ADE01C-3769-4ADF-BE7C-E8A8C4542A2A}.Release|Any CPU.ActiveCfg = Release|Any CPU
		{38ADE01C-3769-4ADF-BE7C-E8A8C4542A2A}.Release|x64.ActiveCfg = Release|Any CPU
		{C79E1D63-21E3-4A13-AA4A-73347E735275}.Debug|Any CPU.ActiveCfg = Debug|Any CPU
		{C79E1D63-21E3-4A13-AA4A-73347E735275}.Debug|Any CPU.Build.0 = Debug|Any CPU
		{C79E1D63-21E3-4A13-AA4A-73347E735275}.Debug|x64.ActiveCfg = Debug|Any CPU
		{C79E1D63-21E3-4A13-AA4A-73347E735275}.Debug|x64.Build.0 = Debug|Any CPU
		{C79E1D63-21E3-4A13-AA4A-73347E735275}.Release|Any CPU.ActiveCfg = Release|Any CPU
		{C79E1D63-21E3-4A13-AA4A-73347E735275}.Release|Any CPU.Build.0 = Release|Any CPU
		{C79E1D63-21E3-4A13-AA4A-73347E735275}.Release|x64.ActiveCfg = Release|Any CPU
		{C79E1D63-21E3-4A13-AA4A-73347E735275}.Release|x64.Build.0 = Release|Any CPU
		{1369E245-6CB2-47A8-9EE8-68936D9C6FFA}.Debug|Any CPU.ActiveCfg = Debug|Any CPU
		{1369E245-6CB2-47A8-9EE8-68936D9C6FFA}.Debug|Any CPU.Build.0 = Debug|Any CPU
		{1369E245-6CB2-47A8-9EE8-68936D9C6FFA}.Debug|x64.ActiveCfg = Debug|Any CPU
		{1369E245-6CB2-47A8-9EE8-68936D9C6FFA}.Debug|x64.Build.0 = Debug|Any CPU
		{1369E245-6CB2-47A8-9EE8-68936D9C6FFA}.Release|Any CPU.ActiveCfg = Release|Any CPU
		{1369E245-6CB2-47A8-9EE8-68936D9C6FFA}.Release|Any CPU.Build.0 = Release|Any CPU
		{1369E245-6CB2-47A8-9EE8-68936D9C6FFA}.Release|x64.ActiveCfg = Release|Any CPU
		{1369E245-6CB2-47A8-9EE8-68936D9C6FFA}.Release|x64.Build.0 = Release|Any CPU
		{ABD5B1CF-8E7C-4829-9C0E-E243B2B64640}.Debug|Any CPU.ActiveCfg = Debug|Any CPU
		{ABD5B1CF-8E7C-4829-9C0E-E243B2B64640}.Debug|Any CPU.Build.0 = Debug|Any CPU
		{ABD5B1CF-8E7C-4829-9C0E-E243B2B64640}.Debug|x64.ActiveCfg = Debug|Any CPU
		{ABD5B1CF-8E7C-4829-9C0E-E243B2B64640}.Debug|x64.Build.0 = Debug|Any CPU
		{ABD5B1CF-8E7C-4829-9C0E-E243B2B64640}.Release|Any CPU.ActiveCfg = Release|Any CPU
		{ABD5B1CF-8E7C-4829-9C0E-E243B2B64640}.Release|Any CPU.Build.0 = Release|Any CPU
		{ABD5B1CF-8E7C-4829-9C0E-E243B2B64640}.Release|x64.ActiveCfg = Release|Any CPU
		{ABD5B1CF-8E7C-4829-9C0E-E243B2B64640}.Release|x64.Build.0 = Release|Any CPU
		{B159A64A-F176-4020-B54D-2146E2B945D2}.Debug|Any CPU.ActiveCfg = Debug|Any CPU
		{B159A64A-F176-4020-B54D-2146E2B945D2}.Debug|Any CPU.Build.0 = Debug|Any CPU
		{B159A64A-F176-4020-B54D-2146E2B945D2}.Debug|x64.ActiveCfg = Debug|Any CPU
		{B159A64A-F176-4020-B54D-2146E2B945D2}.Debug|x64.Build.0 = Debug|Any CPU
		{B159A64A-F176-4020-B54D-2146E2B945D2}.Release|Any CPU.ActiveCfg = Release|Any CPU
		{B159A64A-F176-4020-B54D-2146E2B945D2}.Release|Any CPU.Build.0 = Release|Any CPU
		{B159A64A-F176-4020-B54D-2146E2B945D2}.Release|x64.ActiveCfg = Release|Any CPU
		{B159A64A-F176-4020-B54D-2146E2B945D2}.Release|x64.Build.0 = Release|Any CPU
		{D5E92C99-B17B-4721-B2CE-390FC9CAA96E}.Debug|Any CPU.ActiveCfg = Debug|Any CPU
		{D5E92C99-B17B-4721-B2CE-390FC9CAA96E}.Debug|Any CPU.Build.0 = Debug|Any CPU
		{D5E92C99-B17B-4721-B2CE-390FC9CAA96E}.Debug|x64.ActiveCfg = Debug|Any CPU
		{D5E92C99-B17B-4721-B2CE-390FC9CAA96E}.Debug|x64.Build.0 = Debug|Any CPU
		{D5E92C99-B17B-4721-B2CE-390FC9CAA96E}.Release|Any CPU.ActiveCfg = Release|Any CPU
		{D5E92C99-B17B-4721-B2CE-390FC9CAA96E}.Release|Any CPU.Build.0 = Release|Any CPU
		{D5E92C99-B17B-4721-B2CE-390FC9CAA96E}.Release|x64.ActiveCfg = Release|Any CPU
		{D5E92C99-B17B-4721-B2CE-390FC9CAA96E}.Release|x64.Build.0 = Release|Any CPU
		{05AB2A77-2B55-4182-AA62-86590027C451}.Debug|Any CPU.ActiveCfg = Debug|Any CPU
		{05AB2A77-2B55-4182-AA62-86590027C451}.Debug|Any CPU.Build.0 = Debug|Any CPU
		{05AB2A77-2B55-4182-AA62-86590027C451}.Debug|x64.ActiveCfg = Debug|Any CPU
		{05AB2A77-2B55-4182-AA62-86590027C451}.Debug|x64.Build.0 = Debug|Any CPU
		{05AB2A77-2B55-4182-AA62-86590027C451}.Release|Any CPU.ActiveCfg = Release|Any CPU
		{05AB2A77-2B55-4182-AA62-86590027C451}.Release|Any CPU.Build.0 = Release|Any CPU
		{05AB2A77-2B55-4182-AA62-86590027C451}.Release|x64.ActiveCfg = Release|Any CPU
		{05AB2A77-2B55-4182-AA62-86590027C451}.Release|x64.Build.0 = Release|Any CPU
		{6738B2CC-5BE8-4D99-95AC-6E129701DD4B}.Debug|Any CPU.ActiveCfg = Debug|Any CPU
		{6738B2CC-5BE8-4D99-95AC-6E129701DD4B}.Debug|Any CPU.Build.0 = Debug|Any CPU
		{6738B2CC-5BE8-4D99-95AC-6E129701DD4B}.Debug|x64.ActiveCfg = Debug|Any CPU
		{6738B2CC-5BE8-4D99-95AC-6E129701DD4B}.Debug|x64.Build.0 = Debug|Any CPU
		{6738B2CC-5BE8-4D99-95AC-6E129701DD4B}.Release|Any CPU.ActiveCfg = Release|Any CPU
		{6738B2CC-5BE8-4D99-95AC-6E129701DD4B}.Release|Any CPU.Build.0 = Release|Any CPU
		{6738B2CC-5BE8-4D99-95AC-6E129701DD4B}.Release|x64.ActiveCfg = Release|Any CPU
		{6738B2CC-5BE8-4D99-95AC-6E129701DD4B}.Release|x64.Build.0 = Release|Any CPU
		{A116C8C1-D39B-4E54-B7F1-94D6213A81B6}.Debug|Any CPU.ActiveCfg = Debug|Any CPU
		{A116C8C1-D39B-4E54-B7F1-94D6213A81B6}.Debug|Any CPU.Build.0 = Debug|Any CPU
		{A116C8C1-D39B-4E54-B7F1-94D6213A81B6}.Debug|x64.ActiveCfg = Debug|Any CPU
		{A116C8C1-D39B-4E54-B7F1-94D6213A81B6}.Debug|x64.Build.0 = Debug|Any CPU
		{A116C8C1-D39B-4E54-B7F1-94D6213A81B6}.Release|Any CPU.ActiveCfg = Release|Any CPU
		{A116C8C1-D39B-4E54-B7F1-94D6213A81B6}.Release|Any CPU.Build.0 = Release|Any CPU
		{A116C8C1-D39B-4E54-B7F1-94D6213A81B6}.Release|x64.ActiveCfg = Release|Any CPU
		{A116C8C1-D39B-4E54-B7F1-94D6213A81B6}.Release|x64.Build.0 = Release|Any CPU
		{F8637F39-1B91-45EB-B22D-35E976256B33}.Debug|Any CPU.ActiveCfg = Debug|Any CPU
		{F8637F39-1B91-45EB-B22D-35E976256B33}.Debug|Any CPU.Build.0 = Debug|Any CPU
		{F8637F39-1B91-45EB-B22D-35E976256B33}.Debug|x64.ActiveCfg = Debug|Any CPU
		{F8637F39-1B91-45EB-B22D-35E976256B33}.Debug|x64.Build.0 = Debug|Any CPU
		{F8637F39-1B91-45EB-B22D-35E976256B33}.Release|Any CPU.ActiveCfg = Release|Any CPU
		{F8637F39-1B91-45EB-B22D-35E976256B33}.Release|Any CPU.Build.0 = Release|Any CPU
		{F8637F39-1B91-45EB-B22D-35E976256B33}.Release|x64.ActiveCfg = Release|Any CPU
		{F8637F39-1B91-45EB-B22D-35E976256B33}.Release|x64.Build.0 = Release|Any CPU
		{FC7E2566-AE7B-4956-9215-D23A861B37D9}.Debug|Any CPU.ActiveCfg = Debug|Any CPU
		{FC7E2566-AE7B-4956-9215-D23A861B37D9}.Debug|Any CPU.Build.0 = Debug|Any CPU
		{FC7E2566-AE7B-4956-9215-D23A861B37D9}.Debug|x64.ActiveCfg = Debug|Any CPU
		{FC7E2566-AE7B-4956-9215-D23A861B37D9}.Debug|x64.Build.0 = Debug|Any CPU
		{FC7E2566-AE7B-4956-9215-D23A861B37D9}.Release|Any CPU.ActiveCfg = Release|Any CPU
		{FC7E2566-AE7B-4956-9215-D23A861B37D9}.Release|Any CPU.Build.0 = Release|Any CPU
		{FC7E2566-AE7B-4956-9215-D23A861B37D9}.Release|x64.ActiveCfg = Release|Any CPU
		{FC7E2566-AE7B-4956-9215-D23A861B37D9}.Release|x64.Build.0 = Release|Any CPU
		{EFCE346A-D469-41B3-8F03-CEF2A5779DF3}.Debug|Any CPU.ActiveCfg = Debug|Any CPU
		{EFCE346A-D469-41B3-8F03-CEF2A5779DF3}.Debug|Any CPU.Build.0 = Debug|Any CPU
		{EFCE346A-D469-41B3-8F03-CEF2A5779DF3}.Debug|x64.ActiveCfg = Debug|Any CPU
		{EFCE346A-D469-41B3-8F03-CEF2A5779DF3}.Debug|x64.Build.0 = Debug|Any CPU
		{EFCE346A-D469-41B3-8F03-CEF2A5779DF3}.Release|Any CPU.ActiveCfg = Release|Any CPU
		{EFCE346A-D469-41B3-8F03-CEF2A5779DF3}.Release|Any CPU.Build.0 = Release|Any CPU
		{EFCE346A-D469-41B3-8F03-CEF2A5779DF3}.Release|x64.ActiveCfg = Release|Any CPU
		{EFCE346A-D469-41B3-8F03-CEF2A5779DF3}.Release|x64.Build.0 = Release|Any CPU
		{EFD39450-7183-46DE-87D7-C9A6DB2206A5}.Debug|Any CPU.ActiveCfg = Debug|Any CPU
		{EFD39450-7183-46DE-87D7-C9A6DB2206A5}.Debug|Any CPU.Build.0 = Debug|Any CPU
		{EFD39450-7183-46DE-87D7-C9A6DB2206A5}.Debug|x64.ActiveCfg = Debug|Any CPU
		{EFD39450-7183-46DE-87D7-C9A6DB2206A5}.Debug|x64.Build.0 = Debug|Any CPU
		{EFD39450-7183-46DE-87D7-C9A6DB2206A5}.Release|Any CPU.ActiveCfg = Release|Any CPU
		{EFD39450-7183-46DE-87D7-C9A6DB2206A5}.Release|Any CPU.Build.0 = Release|Any CPU
		{EFD39450-7183-46DE-87D7-C9A6DB2206A5}.Release|x64.ActiveCfg = Release|Any CPU
		{EFD39450-7183-46DE-87D7-C9A6DB2206A5}.Release|x64.Build.0 = Release|Any CPU
		{88D48DE4-6009-4B6E-8047-128EF79CF860}.Debug|Any CPU.ActiveCfg = Debug|Any CPU
		{88D48DE4-6009-4B6E-8047-128EF79CF860}.Debug|Any CPU.Build.0 = Debug|Any CPU
		{88D48DE4-6009-4B6E-8047-128EF79CF860}.Debug|x64.ActiveCfg = Debug|Any CPU
		{88D48DE4-6009-4B6E-8047-128EF79CF860}.Debug|x64.Build.0 = Debug|Any CPU
		{88D48DE4-6009-4B6E-8047-128EF79CF860}.Release|Any CPU.ActiveCfg = Release|Any CPU
		{88D48DE4-6009-4B6E-8047-128EF79CF860}.Release|Any CPU.Build.0 = Release|Any CPU
		{88D48DE4-6009-4B6E-8047-128EF79CF860}.Release|x64.ActiveCfg = Release|Any CPU
		{88D48DE4-6009-4B6E-8047-128EF79CF860}.Release|x64.Build.0 = Release|Any CPU
		{665166FE-7E07-4E08-AB49-A38347742A65}.Debug|Any CPU.ActiveCfg = Debug|Any CPU
		{665166FE-7E07-4E08-AB49-A38347742A65}.Debug|Any CPU.Build.0 = Debug|Any CPU
		{665166FE-7E07-4E08-AB49-A38347742A65}.Debug|x64.ActiveCfg = Debug|Any CPU
		{665166FE-7E07-4E08-AB49-A38347742A65}.Debug|x64.Build.0 = Debug|Any CPU
		{665166FE-7E07-4E08-AB49-A38347742A65}.Release|Any CPU.ActiveCfg = Release|Any CPU
		{665166FE-7E07-4E08-AB49-A38347742A65}.Release|Any CPU.Build.0 = Release|Any CPU
		{665166FE-7E07-4E08-AB49-A38347742A65}.Release|x64.ActiveCfg = Release|Any CPU
		{665166FE-7E07-4E08-AB49-A38347742A65}.Release|x64.Build.0 = Release|Any CPU
		{15AA0497-636B-4618-8DF4-213D07222F2A}.Debug|Any CPU.ActiveCfg = Debug|Any CPU
		{15AA0497-636B-4618-8DF4-213D07222F2A}.Debug|Any CPU.Build.0 = Debug|Any CPU
		{15AA0497-636B-4618-8DF4-213D07222F2A}.Debug|x64.ActiveCfg = Debug|Any CPU
		{15AA0497-636B-4618-8DF4-213D07222F2A}.Debug|x64.Build.0 = Debug|Any CPU
		{15AA0497-636B-4618-8DF4-213D07222F2A}.Release|Any CPU.ActiveCfg = Release|Any CPU
		{15AA0497-636B-4618-8DF4-213D07222F2A}.Release|Any CPU.Build.0 = Release|Any CPU
		{15AA0497-636B-4618-8DF4-213D07222F2A}.Release|x64.ActiveCfg = Release|Any CPU
		{15AA0497-636B-4618-8DF4-213D07222F2A}.Release|x64.Build.0 = Release|Any CPU
		{D26434DD-4E72-4585-AC7B-F6E9F60C2726}.Debug|Any CPU.ActiveCfg = Debug|Any CPU
		{D26434DD-4E72-4585-AC7B-F6E9F60C2726}.Debug|Any CPU.Build.0 = Debug|Any CPU
		{D26434DD-4E72-4585-AC7B-F6E9F60C2726}.Debug|x64.ActiveCfg = Debug|Any CPU
		{D26434DD-4E72-4585-AC7B-F6E9F60C2726}.Debug|x64.Build.0 = Debug|Any CPU
		{D26434DD-4E72-4585-AC7B-F6E9F60C2726}.Release|Any CPU.ActiveCfg = Release|Any CPU
		{D26434DD-4E72-4585-AC7B-F6E9F60C2726}.Release|Any CPU.Build.0 = Release|Any CPU
		{D26434DD-4E72-4585-AC7B-F6E9F60C2726}.Release|x64.ActiveCfg = Release|Any CPU
		{D26434DD-4E72-4585-AC7B-F6E9F60C2726}.Release|x64.Build.0 = Release|Any CPU
		{2A402996-CC31-4AF6-97FD-1F9FB949741E}.Debug|Any CPU.ActiveCfg = Debug|Any CPU
		{2A402996-CC31-4AF6-97FD-1F9FB949741E}.Debug|Any CPU.Build.0 = Debug|Any CPU
		{2A402996-CC31-4AF6-97FD-1F9FB949741E}.Debug|x64.ActiveCfg = Debug|Any CPU
		{2A402996-CC31-4AF6-97FD-1F9FB949741E}.Debug|x64.Build.0 = Debug|Any CPU
		{2A402996-CC31-4AF6-97FD-1F9FB949741E}.Release|Any CPU.ActiveCfg = Release|Any CPU
		{2A402996-CC31-4AF6-97FD-1F9FB949741E}.Release|Any CPU.Build.0 = Release|Any CPU
		{2A402996-CC31-4AF6-97FD-1F9FB949741E}.Release|x64.ActiveCfg = Release|Any CPU
		{2A402996-CC31-4AF6-97FD-1F9FB949741E}.Release|x64.Build.0 = Release|Any CPU
		{4BA0EDD1-74AC-4391-A7C5-E620138CF858}.Debug|Any CPU.ActiveCfg = Debug|Any CPU
		{4BA0EDD1-74AC-4391-A7C5-E620138CF858}.Debug|Any CPU.Build.0 = Debug|Any CPU
		{4BA0EDD1-74AC-4391-A7C5-E620138CF858}.Debug|x64.ActiveCfg = Debug|Any CPU
		{4BA0EDD1-74AC-4391-A7C5-E620138CF858}.Debug|x64.Build.0 = Debug|Any CPU
		{4BA0EDD1-74AC-4391-A7C5-E620138CF858}.Release|Any CPU.ActiveCfg = Release|Any CPU
		{4BA0EDD1-74AC-4391-A7C5-E620138CF858}.Release|Any CPU.Build.0 = Release|Any CPU
		{4BA0EDD1-74AC-4391-A7C5-E620138CF858}.Release|x64.ActiveCfg = Release|Any CPU
		{4BA0EDD1-74AC-4391-A7C5-E620138CF858}.Release|x64.Build.0 = Release|Any CPU
		{290E3E63-607D-4DD6-AB86-721D29453FE3}.Debug|Any CPU.ActiveCfg = Debug|Any CPU
		{290E3E63-607D-4DD6-AB86-721D29453FE3}.Debug|Any CPU.Build.0 = Debug|Any CPU
		{290E3E63-607D-4DD6-AB86-721D29453FE3}.Debug|x64.ActiveCfg = Debug|Any CPU
		{290E3E63-607D-4DD6-AB86-721D29453FE3}.Debug|x64.Build.0 = Debug|Any CPU
		{290E3E63-607D-4DD6-AB86-721D29453FE3}.Release|Any CPU.ActiveCfg = Release|Any CPU
		{290E3E63-607D-4DD6-AB86-721D29453FE3}.Release|Any CPU.Build.0 = Release|Any CPU
		{290E3E63-607D-4DD6-AB86-721D29453FE3}.Release|x64.ActiveCfg = Release|Any CPU
		{290E3E63-607D-4DD6-AB86-721D29453FE3}.Release|x64.Build.0 = Release|Any CPU
		{FC258B90-3C5A-4497-BEF9-5C2EC86916C8}.Debug|Any CPU.ActiveCfg = Debug|Any CPU
		{FC258B90-3C5A-4497-BEF9-5C2EC86916C8}.Debug|Any CPU.Build.0 = Debug|Any CPU
		{FC258B90-3C5A-4497-BEF9-5C2EC86916C8}.Debug|x64.ActiveCfg = Debug|Any CPU
		{FC258B90-3C5A-4497-BEF9-5C2EC86916C8}.Debug|x64.Build.0 = Debug|Any CPU
		{FC258B90-3C5A-4497-BEF9-5C2EC86916C8}.Release|Any CPU.ActiveCfg = Release|Any CPU
		{FC258B90-3C5A-4497-BEF9-5C2EC86916C8}.Release|Any CPU.Build.0 = Release|Any CPU
		{FC258B90-3C5A-4497-BEF9-5C2EC86916C8}.Release|x64.ActiveCfg = Release|Any CPU
		{FC258B90-3C5A-4497-BEF9-5C2EC86916C8}.Release|x64.Build.0 = Release|Any CPU
		{84315861-9AF4-48BA-AA16-0EAB0BFB49FD}.Debug|Any CPU.ActiveCfg = Debug|Any CPU
		{84315861-9AF4-48BA-AA16-0EAB0BFB49FD}.Debug|Any CPU.Build.0 = Debug|Any CPU
		{84315861-9AF4-48BA-AA16-0EAB0BFB49FD}.Debug|x64.ActiveCfg = Debug|Any CPU
		{84315861-9AF4-48BA-AA16-0EAB0BFB49FD}.Debug|x64.Build.0 = Debug|Any CPU
		{84315861-9AF4-48BA-AA16-0EAB0BFB49FD}.Release|Any CPU.ActiveCfg = Release|Any CPU
		{84315861-9AF4-48BA-AA16-0EAB0BFB49FD}.Release|Any CPU.Build.0 = Release|Any CPU
		{84315861-9AF4-48BA-AA16-0EAB0BFB49FD}.Release|x64.ActiveCfg = Release|Any CPU
		{84315861-9AF4-48BA-AA16-0EAB0BFB49FD}.Release|x64.Build.0 = Release|Any CPU
	EndGlobalSection
	GlobalSection(SolutionProperties) = preSolution
		HideSolutionNode = FALSE
	EndGlobalSection
	GlobalSection(ExtensibilityGlobals) = postSolution
		SolutionGuid = {0C7FB54F-FD58-4E96-9AAE-EABC707B3CE7}
	EndGlobalSection
EndGlobal
